
Microsoft Visual Studio Solution File, Format Version 12.00
# Visual Studio 15
VisualStudioVersion = 15.0.26730.8
MinimumVisualStudioVersion = 10.0.40219.1
Project("{2150E333-8FDC-42A3-9474-1A3956D46DE8}") = "1_Solution_Items", "1_Solution_Items", "{25E262E6-D486-4612-B7A6-087C6B0F2CFB}"
EndProject
Project("{2150E333-8FDC-42A3-9474-1A3956D46DE8}") = "2_Src", "2_Src", "{91A9DB85-4947-4CCF-A9AA-246DE9CCA366}"
EndProject
Project("{FAE04EC0-301F-11D3-BF4B-00C04F79EFBC}") = "ReadyApi", "2_Src\ReadyApi\ReadyApi.csproj", "{E79FED8A-24B5-4E27-85C1-891DB2952E77}"
EndProject
Project("{FAE04EC0-301F-11D3-BF4B-00C04F79EFBC}") = "ReadyApi.Model", "2_Src\ReadyApi.Model\ReadyApi.Model.csproj", "{081CFA9F-CE94-492B-B0BD-39B4FAE98A3F}"
EndProject
Project("{2150E333-8FDC-42A3-9474-1A3956D46DE8}") = "3_Tests", "3_Tests", "{8F7BD0CE-267F-4A47-9B2E-8E18BFBBF0AB}"
EndProject
Project("{FAE04EC0-301F-11D3-BF4B-00C04F79EFBC}") = "ReadyApi.UnitTest", "3_Tests\ReadyApi.UnitTest\ReadyApi.UnitTest.csproj", "{F7F09543-6D3D-474D-A208-BEB3AFFED015}"
EndProject
Global
	GlobalSection(SolutionConfigurationPlatforms) = preSolution
		Debug|Any CPU = Debug|Any CPU
		Release|Any CPU = Release|Any CPU
	EndGlobalSection
	GlobalSection(ProjectConfigurationPlatforms) = postSolution
		{E79FED8A-24B5-4E27-85C1-891DB2952E77}.Debug|Any CPU.ActiveCfg = Debug|Any CPU
		{E79FED8A-24B5-4E27-85C1-891DB2952E77}.Debug|Any CPU.Build.0 = Debug|Any CPU
		{E79FED8A-24B5-4E27-85C1-891DB2952E77}.Release|Any CPU.ActiveCfg = Release|Any CPU
		{E79FED8A-24B5-4E27-85C1-891DB2952E77}.Release|Any CPU.Build.0 = Release|Any CPU
		{081CFA9F-CE94-492B-B0BD-39B4FAE98A3F}.Debug|Any CPU.ActiveCfg = Debug|Any CPU
		{081CFA9F-CE94-492B-B0BD-39B4FAE98A3F}.Debug|Any CPU.Build.0 = Debug|Any CPU
		{081CFA9F-CE94-492B-B0BD-39B4FAE98A3F}.Release|Any CPU.ActiveCfg = Release|Any CPU
		{081CFA9F-CE94-492B-B0BD-39B4FAE98A3F}.Release|Any CPU.Build.0 = Release|Any CPU
		{F7F09543-6D3D-474D-A208-BEB3AFFED015}.Debug|Any CPU.ActiveCfg = Debug|Any CPU
		{F7F09543-6D3D-474D-A208-BEB3AFFED015}.Debug|Any CPU.Build.0 = Debug|Any CPU
		{F7F09543-6D3D-474D-A208-BEB3AFFED015}.Release|Any CPU.ActiveCfg = Release|Any CPU
		{F7F09543-6D3D-474D-A208-BEB3AFFED015}.Release|Any CPU.Build.0 = Release|Any CPU
	EndGlobalSection
	GlobalSection(SolutionProperties) = preSolution
		HideSolutionNode = FALSE
	EndGlobalSection
	GlobalSection(NestedProjects) = preSolution
		{E79FED8A-24B5-4E27-85C1-891DB2952E77} = {91A9DB85-4947-4CCF-A9AA-246DE9CCA366}
		{081CFA9F-CE94-492B-B0BD-39B4FAE98A3F} = {91A9DB85-4947-4CCF-A9AA-246DE9CCA366}
		{F7F09543-6D3D-474D-A208-BEB3AFFED015} = {8F7BD0CE-267F-4A47-9B2E-8E18BFBBF0AB}
	EndGlobalSection
	GlobalSection(ExtensibilityGlobals) = postSolution
		SolutionGuid = {2143C8CE-D2BD-43F5-969D-10854B4D160F}
	EndGlobalSection
EndGlobal
